
Microsoft Visual Studio Solution File, Format Version 12.00
# Visual Studio Version 17
VisualStudioVersion = 17.4.33103.184
MinimumVisualStudioVersion = 10.0.40219.1
Project("{FAE04EC0-301F-11D3-BF4B-00C04F79EFBC}") = "WorkoutGlobal.LoggingService.Api", "WorkoutGlobal.LoggingService.API\WorkoutGlobal.LoggingService.Api.csproj", "{25DEA0A8-BF50-414F-93DF-12E8D81CE934}"
EndProject
Global
	GlobalSection(SolutionConfigurationPlatforms) = preSolution
		Debug|Any CPU = Debug|Any CPU
		Release|Any CPU = Release|Any CPU
	EndGlobalSection
	GlobalSection(ProjectConfigurationPlatforms) = postSolution
		{25DEA0A8-BF50-414F-93DF-12E8D81CE934}.Debug|Any CPU.ActiveCfg = Debug|Any CPU
		{25DEA0A8-BF50-414F-93DF-12E8D81CE934}.Debug|Any CPU.Build.0 = Debug|Any CPU
		{25DEA0A8-BF50-414F-93DF-12E8D81CE934}.Release|Any CPU.ActiveCfg = Release|Any CPU
		{25DEA0A8-BF50-414F-93DF-12E8D81CE934}.Release|Any CPU.Build.0 = Release|Any CPU
	EndGlobalSection
	GlobalSection(SolutionProperties) = preSolution
		HideSolutionNode = FALSE
	EndGlobalSection
	GlobalSection(ExtensibilityGlobals) = postSolution
		SolutionGuid = {60EBF651-4CBB-4FAE-92B5-A21B6A1A539F}
	EndGlobalSection
EndGlobal
